
Microsoft Visual Studio Solution File, Format Version 12.00
# Visual Studio 2012
Project("{8BC9CEB8-8B4A-11D0-8D11-00A0C91BC942}") = "flight_sim", "flight_sim\flight_sim.vcxproj", "{46340A18-18A7-4442-AB96-7F0BB5B53E0B}"
EndProject
Global
	GlobalSection(SolutionConfigurationPlatforms) = preSolution
		Debug|Win32 = Debug|Win32
		Release|Win32 = Release|Win32
	EndGlobalSection
	GlobalSection(ProjectConfigurationPlatforms) = postSolution
		{46340A18-18A7-4442-AB96-7F0BB5B53E0B}.Debug|Win32.ActiveCfg = Debug|Win32
		{46340A18-18A7-4442-AB96-7F0BB5B53E0B}.Debug|Win32.Build.0 = Debug|Win32
		{46340A18-18A7-4442-AB96-7F0BB5B53E0B}.Release|Win32.ActiveCfg = Release|Win32
		{46340A18-18A7-4442-AB96-7F0BB5B53E0B}.Release|Win32.Build.0 = Release|Win32
	EndGlobalSection
	GlobalSection(SolutionProperties) = preSolution
		HideSolutionNode = FALSE
	EndGlobalSection
EndGlobal
